
Microsoft Visual Studio Solution File, Format Version 12.00
# Visual Studio Version 17
VisualStudioVersion = 17.5.33424.131
MinimumVisualStudioVersion = 10.0.40219.1
Project("{9A19103F-16F7-4668-BE54-9A1E7A4F7556}") = "Finance.Web", "Finance\Finance.Web.csproj", "{3043B86E-C8F6-4E2B-8B09-8ED68E29A5B0}"
EndProject
Project("{9A19103F-16F7-4668-BE54-9A1E7A4F7556}") = "Finance.Domain", "Finance.Domain\Finance.Domain.csproj", "{51C6B753-533C-43EB-9AC0-809B1CA55155}"
EndProject
Project("{9A19103F-16F7-4668-BE54-9A1E7A4F7556}") = "Finance.Service", "Finance.Service\Finance.Service.csproj", "{FE62C651-4296-4709-8014-1FD510444830}"
EndProject
Project("{9A19103F-16F7-4668-BE54-9A1E7A4F7556}") = "Finance.Data", "Finance.Data\Finance.Data.csproj", "{46491043-0342-4A59-AAC3-45744AC012E0}"
EndProject
Project("{9A19103F-16F7-4668-BE54-9A1E7A4F7556}") = "Finance.Tests", "Finance.Test\Finance.Tests.csproj", "{DD14D768-7786-43C3-B7F2-FD2099CD8853}"
EndProject
Global
	GlobalSection(SolutionConfigurationPlatforms) = preSolution
		Debug|Any CPU = Debug|Any CPU
		Release|Any CPU = Release|Any CPU
	EndGlobalSection
	GlobalSection(ProjectConfigurationPlatforms) = postSolution
		{3043B86E-C8F6-4E2B-8B09-8ED68E29A5B0}.Debug|Any CPU.ActiveCfg = Debug|Any CPU
		{3043B86E-C8F6-4E2B-8B09-8ED68E29A5B0}.Debug|Any CPU.Build.0 = Debug|Any CPU
		{3043B86E-C8F6-4E2B-8B09-8ED68E29A5B0}.Release|Any CPU.ActiveCfg = Release|Any CPU
		{3043B86E-C8F6-4E2B-8B09-8ED68E29A5B0}.Release|Any CPU.Build.0 = Release|Any CPU
		{51C6B753-533C-43EB-9AC0-809B1CA55155}.Debug|Any CPU.ActiveCfg = Debug|Any CPU
		{51C6B753-533C-43EB-9AC0-809B1CA55155}.Debug|Any CPU.Build.0 = Debug|Any CPU
		{51C6B753-533C-43EB-9AC0-809B1CA55155}.Release|Any CPU.ActiveCfg = Release|Any CPU
		{51C6B753-533C-43EB-9AC0-809B1CA55155}.Release|Any CPU.Build.0 = Release|Any CPU
		{FE62C651-4296-4709-8014-1FD510444830}.Debug|Any CPU.ActiveCfg = Debug|Any CPU
		{FE62C651-4296-4709-8014-1FD510444830}.Debug|Any CPU.Build.0 = Debug|Any CPU
		{FE62C651-4296-4709-8014-1FD510444830}.Release|Any CPU.ActiveCfg = Release|Any CPU
		{FE62C651-4296-4709-8014-1FD510444830}.Release|Any CPU.Build.0 = Release|Any CPU
		{46491043-0342-4A59-AAC3-45744AC012E0}.Debug|Any CPU.ActiveCfg = Debug|Any CPU
		{46491043-0342-4A59-AAC3-45744AC012E0}.Debug|Any CPU.Build.0 = Debug|Any CPU
		{46491043-0342-4A59-AAC3-45744AC012E0}.Release|Any CPU.ActiveCfg = Release|Any CPU
		{46491043-0342-4A59-AAC3-45744AC012E0}.Release|Any CPU.Build.0 = Release|Any CPU
		{DD14D768-7786-43C3-B7F2-FD2099CD8853}.Debug|Any CPU.ActiveCfg = Debug|Any CPU
		{DD14D768-7786-43C3-B7F2-FD2099CD8853}.Debug|Any CPU.Build.0 = Debug|Any CPU
		{DD14D768-7786-43C3-B7F2-FD2099CD8853}.Release|Any CPU.ActiveCfg = Release|Any CPU
		{DD14D768-7786-43C3-B7F2-FD2099CD8853}.Release|Any CPU.Build.0 = Release|Any CPU
	EndGlobalSection
	GlobalSection(SolutionProperties) = preSolution
		HideSolutionNode = FALSE
	EndGlobalSection
	GlobalSection(ExtensibilityGlobals) = postSolution
		SolutionGuid = {79D86149-A300-4A24-A014-400A29140E7E}
	EndGlobalSection
EndGlobal
